
Microsoft Visual Studio Solution File, Format Version 12.00
# Visual Studio Version 17
VisualStudioVersion = 17.1.31911.260
MinimumVisualStudioVersion = 10.0.40219.1
Project("{FAE04EC0-301F-11D3-BF4B-00C04F79EFBC}") = "WebService-roulette", "WebService-roulette.csproj", "{523FAD4B-7DC8-4496-936D-52CF4BDA35F6}"
EndProject
Global
	GlobalSection(SolutionConfigurationPlatforms) = preSolution
		Debug|Any CPU = Debug|Any CPU
		Release|Any CPU = Release|Any CPU
	EndGlobalSection
	GlobalSection(ProjectConfigurationPlatforms) = postSolution
		{523FAD4B-7DC8-4496-936D-52CF4BDA35F6}.Debug|Any CPU.ActiveCfg = Debug|Any CPU
		{523FAD4B-7DC8-4496-936D-52CF4BDA35F6}.Debug|Any CPU.Build.0 = Debug|Any CPU
		{523FAD4B-7DC8-4496-936D-52CF4BDA35F6}.Release|Any CPU.ActiveCfg = Release|Any CPU
		{523FAD4B-7DC8-4496-936D-52CF4BDA35F6}.Release|Any CPU.Build.0 = Release|Any CPU
	EndGlobalSection
	GlobalSection(SolutionProperties) = preSolution
		HideSolutionNode = FALSE
	EndGlobalSection
	GlobalSection(ExtensibilityGlobals) = postSolution
		SolutionGuid = {E4DB2839-185E-45DF-B67C-46B81DF0B12F}
	EndGlobalSection
EndGlobal
